{
  "name": "practice2",
  "version": "0.1.0",
  "lockfileVersion": 1,
  "dependencies": {
    "react-native-image-picker": {
      "version": "0.26.3",
      "resolved": "https://registry.npmjs.org/react-native-image-picker/-/react-native-image-picker-0.26.3.tgz",
      "integrity": "sha1-CtLu3klQGnBG2ARqc4E2llOcPc0="
    }
  }
}
